// !$*UTF8*$!
{
	archiveVersion = 1;
	classes = {
	};
	objectVersion = 56;
	objects = {

/* Begin PBXBuildFile section */
		356F2B202C135528009C51CF /* AppDelegate.swift in Sources */ = {isa = PBXBuildFile; fileRef = 356F2B1F2C135528009C51CF /* AppDelegate.swift */; };
		356F2B222C135528009C51CF /* SceneDelegate.swift in Sources */ = {isa = PBXBuildFile; fileRef = 356F2B212C135528009C51CF /* SceneDelegate.swift */; };
		356F2B242C135528009C51CF /* ViewController.swift in Sources */ = {isa = PBXBuildFile; fileRef = 356F2B232C135528009C51CF /* ViewController.swift */; };
		356F2B292C135529009C51CF /* Assets.xcassets in Resources */ = {isa = PBXBuildFile; fileRef = 356F2B282C135529009C51CF /* Assets.xcassets */; };
		356F2B2C2C135529009C51CF /* Base in Resources */ = {isa = PBXBuildFile; fileRef = 356F2B2B2C135529009C51CF /* Base */; };
		356F2B372C13567F009C51CF /* SelectionVC.swift in Sources */ = {isa = PBXBuildFile; fileRef = 356F2B362C13567F009C51CF /* SelectionVC.swift */; };
		356F2B392C1356C0009C51CF /* MyTamagotchiVC.swift in Sources */ = {isa = PBXBuildFile; fileRef = 356F2B382C1356C0009C51CF /* MyTamagotchiVC.swift */; };
		356F2B3B2C135708009C51CF /* SettingMainVC.swift in Sources */ = {isa = PBXBuildFile; fileRef = 356F2B3A2C135708009C51CF /* SettingMainVC.swift */; };
		356F2B3D2C135723009C51CF /* NameEditVC.swift in Sources */ = {isa = PBXBuildFile; fileRef = 356F2B3C2C135723009C51CF /* NameEditVC.swift */; };
		35A6C2852C159D6F00631B47 /* TamagoTableViewCell.swift in Sources */ = {isa = PBXBuildFile; fileRef = 35A6C2842C159D6F00631B47 /* TamagoTableViewCell.swift */; };
		35A6C2882C159DDE00631B47 /* SnapKit in Frameworks */ = {isa = PBXBuildFile; productRef = 35A6C2872C159DDE00631B47 /* SnapKit */; };
		35A6C28A2C159E4500631B47 /* ReusableProtocol.swift in Sources */ = {isa = PBXBuildFile; fileRef = 35A6C2892C159E4500631B47 /* ReusableProtocol.swift */; };
		35A6C28C2C15B80A00631B47 /* StandbyTableViewCell.swift in Sources */ = {isa = PBXBuildFile; fileRef = 35A6C28B2C15B80A00631B47 /* StandbyTableViewCell.swift */; };
		35A6C2922C15C78600631B47 /* CustomAlertController.swift in Sources */ = {isa = PBXBuildFile; fileRef = 35A6C2912C15C78600631B47 /* CustomAlertController.swift */; };
		35A6C2942C15EF1000631B47 /* UserDefaultsManager.swift in Sources */ = {isa = PBXBuildFile; fileRef = 35A6C2932C15EF1000631B47 /* UserDefaultsManager.swift */; };
/* End PBXBuildFile section */

/* Begin PBXFileReference section */
		356F2B1C2C135528009C51CF /* TamagotchiApp.app */ = {isa = PBXFileReference; explicitFileType = wrapper.application; includeInIndex = 0; path = TamagotchiApp.app; sourceTree = BUILT_PRODUCTS_DIR; };
		356F2B1F2C135528009C51CF /* AppDelegate.swift */ = {isa = PBXFileReference; lastKnownFileType = sourcecode.swift; path = AppDelegate.swift; sourceTree = "<group>"; };
		356F2B212C135528009C51CF /* SceneDelegate.swift */ = {isa = PBXFileReference; lastKnownFileType = sourcecode.swift; path = SceneDelegate.swift; sourceTree = "<group>"; };
		356F2B232C135528009C51CF /* ViewController.swift */ = {isa = PBXFileReference; lastKnownFileType = sourcecode.swift; path = ViewController.swift; sourceTree = "<group>"; };
		356F2B282C135529009C51CF /* Assets.xcassets */ = {isa = PBXFileReference; lastKnownFileType = folder.assetcatalog; path = Assets.xcassets; sourceTree = "<group>"; };
		356F2B2B2C135529009C51CF /* Base */ = {isa = PBXFileReference; lastKnownFileType = file.storyboard; name = Base; path = Base.lproj/LaunchScreen.storyboard; sourceTree = "<group>"; };
		356F2B2D2C135529009C51CF /* Info.plist */ = {isa = PBXFileReference; lastKnownFileType = text.plist.xml; path = Info.plist; sourceTree = "<group>"; };
		356F2B362C13567F009C51CF /* SelectionVC.swift */ = {isa = PBXFileReference; lastKnownFileType = sourcecode.swift; path = SelectionVC.swift; sourceTree = "<group>"; };
		356F2B382C1356C0009C51CF /* MyTamagotchiVC.swift */ = {isa = PBXFileReference; lastKnownFileType = sourcecode.swift; path = MyTamagotchiVC.swift; sourceTree = "<group>"; };
		356F2B3A2C135708009C51CF /* SettingMainVC.swift */ = {isa = PBXFileReference; lastKnownFileType = sourcecode.swift; path = SettingMainVC.swift; sourceTree = "<group>"; };
		356F2B3C2C135723009C51CF /* NameEditVC.swift */ = {isa = PBXFileReference; lastKnownFileType = sourcecode.swift; path = NameEditVC.swift; sourceTree = "<group>"; };
		35A6C2842C159D6F00631B47 /* TamagoTableViewCell.swift */ = {isa = PBXFileReference; lastKnownFileType = sourcecode.swift; path = TamagoTableViewCell.swift; sourceTree = "<group>"; };
		35A6C2892C159E4500631B47 /* ReusableProtocol.swift */ = {isa = PBXFileReference; lastKnownFileType = sourcecode.swift; path = ReusableProtocol.swift; sourceTree = "<group>"; };
		35A6C28B2C15B80A00631B47 /* StandbyTableViewCell.swift */ = {isa = PBXFileReference; lastKnownFileType = sourcecode.swift; path = StandbyTableViewCell.swift; sourceTree = "<group>"; };
		35A6C2912C15C78600631B47 /* CustomAlertController.swift */ = {isa = PBXFileReference; lastKnownFileType = sourcecode.swift; path = CustomAlertController.swift; sourceTree = "<group>"; };
		35A6C2932C15EF1000631B47 /* UserDefaultsManager.swift */ = {isa = PBXFileReference; lastKnownFileType = sourcecode.swift; path = UserDefaultsManager.swift; sourceTree = "<group>"; };
/* End PBXFileReference section */

/* Begin PBXFrameworksBuildPhase section */
		356F2B192C135528009C51CF /* Frameworks */ = {
			isa = PBXFrameworksBuildPhase;
			buildActionMask = 2147483647;
			files = (
				35A6C2882C159DDE00631B47 /* SnapKit in Frameworks */,
			);
			runOnlyForDeploymentPostprocessing = 0;
		};
/* End PBXFrameworksBuildPhase section */

/* Begin PBXGroup section */
		356F2B132C135528009C51CF = {
			isa = PBXGroup;
			children = (
				356F2B1E2C135528009C51CF /* TamagotchiApp */,
				356F2B1D2C135528009C51CF /* Products */,
			);
			sourceTree = "<group>";
		};
		356F2B1D2C135528009C51CF /* Products */ = {
			isa = PBXGroup;
			children = (
				356F2B1C2C135528009C51CF /* TamagotchiApp.app */,
			);
			name = Products;
			sourceTree = "<group>";
		};
		356F2B1E2C135528009C51CF /* TamagotchiApp */ = {
			isa = PBXGroup;
			children = (
				35A6C2932C15EF1000631B47 /* UserDefaultsManager.swift */,
				356F2B352C1355FD009C51CF /* Choice */,
				356F2B332C1355CD009C51CF /* Main */,
				356F2B342C1355DD009C51CF /* Setting */,
				356F2B1F2C135528009C51CF /* AppDelegate.swift */,
				356F2B212C135528009C51CF /* SceneDelegate.swift */,
				356F2B232C135528009C51CF /* ViewController.swift */,
				356F2B282C135529009C51CF /* Assets.xcassets */,
				356F2B2A2C135529009C51CF /* LaunchScreen.storyboard */,
				356F2B2D2C135529009C51CF /* Info.plist */,
				35A6C2892C159E4500631B47 /* ReusableProtocol.swift */,
			);
			path = TamagotchiApp;
			sourceTree = "<group>";
		};
		356F2B332C1355CD009C51CF /* Main */ = {
			isa = PBXGroup;
			children = (
				356F2B382C1356C0009C51CF /* MyTamagotchiVC.swift */,
			);
			path = Main;
			sourceTree = "<group>";
		};
		356F2B342C1355DD009C51CF /* Setting */ = {
			isa = PBXGroup;
			children = (
				356F2B3A2C135708009C51CF /* SettingMainVC.swift */,
				356F2B3C2C135723009C51CF /* NameEditVC.swift */,
			);
			path = Setting;
			sourceTree = "<group>";
		};
		356F2B352C1355FD009C51CF /* Choice */ = {
			isa = PBXGroup;
			children = (
				356F2B362C13567F009C51CF /* SelectionVC.swift */,
				35A6C2912C15C78600631B47 /* CustomAlertController.swift */,
				35A6C2842C159D6F00631B47 /* TamagoTableViewCell.swift */,
				35A6C28B2C15B80A00631B47 /* StandbyTableViewCell.swift */,
			);
			path = Choice;
			sourceTree = "<group>";
		};
/* End PBXGroup section */

/* Begin PBXNativeTarget section */
		356F2B1B2C135528009C51CF /* TamagotchiApp */ = {
			isa = PBXNativeTarget;
			buildConfigurationList = 356F2B302C135529009C51CF /* Build configuration list for PBXNativeTarget "TamagotchiApp" */;
			buildPhases = (
				356F2B182C135528009C51CF /* Sources */,
				356F2B192C135528009C51CF /* Frameworks */,
				356F2B1A2C135528009C51CF /* Resources */,
			);
			buildRules = (
			);
			dependencies = (
			);
			name = TamagotchiApp;
			packageProductDependencies = (
				35A6C2872C159DDE00631B47 /* SnapKit */,
			);
			productName = TamagotchiApp;
			productReference = 356F2B1C2C135528009C51CF /* TamagotchiApp.app */;
			productType = "com.apple.product-type.application";
		};
/* End PBXNativeTarget section */

/* Begin PBXProject section */
		356F2B142C135528009C51CF /* Project object */ = {
			isa = PBXProject;
			attributes = {
				BuildIndependentTargetsInParallel = 1;
				LastSwiftUpdateCheck = 1530;
				LastUpgradeCheck = 1530;
				TargetAttributes = {
					356F2B1B2C135528009C51CF = {
						CreatedOnToolsVersion = 15.3;
					};
				};
			};
			buildConfigurationList = 356F2B172C135528009C51CF /* Build configuration list for PBXProject "TamagotchiApp" */;
			compatibilityVersion = "Xcode 14.0";
			developmentRegion = en;
			hasScannedForEncodings = 0;
			knownRegions = (
				en,
				Base,
			);
			mainGroup = 356F2B132C135528009C51CF;
			packageReferences = (
				35A6C2862C159DDE00631B47 /* XCRemoteSwiftPackageReference "SnapKit" */,
			);
			productRefGroup = 356F2B1D2C135528009C51CF /* Products */;
			projectDirPath = "";
			projectRoot = "";
			targets = (
				356F2B1B2C135528009C51CF /* TamagotchiApp */,
			);
		};
/* End PBXProject section */

/* Begin PBXResourcesBuildPhase section */
		356F2B1A2C135528009C51CF /* Resources */ = {
			isa = PBXResourcesBuildPhase;
			buildActionMask = 2147483647;
			files = (
				356F2B292C135529009C51CF /* Assets.xcassets in Resources */,
				356F2B2C2C135529009C51CF /* Base in Resources */,
			);
			runOnlyForDeploymentPostprocessing = 0;
		};
/* End PBXResourcesBuildPhase section */

/* Begin PBXSourcesBuildPhase section */
		356F2B182C135528009C51CF /* Sources */ = {
			isa = PBXSourcesBuildPhase;
			buildActionMask = 2147483647;
			files = (
				35A6C2852C159D6F00631B47 /* TamagoTableViewCell.swift in Sources */,
				356F2B3B2C135708009C51CF /* SettingMainVC.swift in Sources */,
				35A6C2942C15EF1000631B47 /* UserDefaultsManager.swift in Sources */,
				356F2B372C13567F009C51CF /* SelectionVC.swift in Sources */,
				356F2B242C135528009C51CF /* ViewController.swift in Sources */,
				356F2B202C135528009C51CF /* AppDelegate.swift in Sources */,
				35A6C28C2C15B80A00631B47 /* StandbyTableViewCell.swift in Sources */,
				356F2B222C135528009C51CF /* SceneDelegate.swift in Sources */,
				356F2B392C1356C0009C51CF /* MyTamagotchiVC.swift in Sources */,
				356F2B3D2C135723009C51CF /* NameEditVC.swift in Sources */,
				35A6C2922C15C78600631B47 /* CustomAlertController.swift in Sources */,
				35A6C28A2C159E4500631B47 /* ReusableProtocol.swift in Sources */,
			);
			runOnlyForDeploymentPostprocessing = 0;
		};
/* End PBXSourcesBuildPhase section */

/* Begin PBXVariantGroup section */
		356F2B2A2C135529009C51CF /* LaunchScreen.storyboard */ = {
			isa = PBXVariantGroup;
			children = (
				356F2B2B2C135529009C51CF /* Base */,
			);
			name = LaunchScreen.storyboard;
			sourceTree = "<group>";
		};
/* End PBXVariantGroup section */

/* Begin XCBuildConfiguration section */
		356F2B2E2C135529009C51CF /* Debug */ = {
			isa = XCBuildConfiguration;
			buildSettings = {
				ALWAYS_SEARCH_USER_PATHS = NO;
				ASSETCATALOG_COMPILER_GENERATE_SWIFT_ASSET_SYMBOL_EXTENSIONS = YES;
				CLANG_ANALYZER_NONNULL = YES;
				CLANG_ANALYZER_NUMBER_OBJECT_CONVERSION = YES_AGGRESSIVE;
				CLANG_CXX_LANGUAGE_STANDARD = "gnu++20";
				CLANG_ENABLE_MODULES = YES;
				CLANG_ENABLE_OBJC_ARC = YES;
				CLANG_ENABLE_OBJC_WEAK = YES;
				CLANG_WARN_BLOCK_CAPTURE_AUTORELEASING = YES;
				CLANG_WARN_BOOL_CONVERSION = YES;
				CLANG_WARN_COMMA = YES;
				CLANG_WARN_CONSTANT_CONVERSION = YES;
				CLANG_WARN_DEPRECATED_OBJC_IMPLEMENTATIONS = YES;
				CLANG_WARN_DIRECT_OBJC_ISA_USAGE = YES_ERROR;
				CLANG_WARN_DOCUMENTATION_COMMENTS = YES;
				CLANG_WARN_EMPTY_BODY = YES;
				CLANG_WARN_ENUM_CONVERSION = YES;
				CLANG_WARN_INFINITE_RECURSION = YES;
				CLANG_WARN_INT_CONVERSION = YES;
				CLANG_WARN_NON_LITERAL_NULL_CONVERSION = YES;
				CLANG_WARN_OBJC_IMPLICIT_RETAIN_SELF = YES;
				CLANG_WARN_OBJC_LITERAL_CONVERSION = YES;
				CLANG_WARN_OBJC_ROOT_CLASS = YES_ERROR;
				CLANG_WARN_QUOTED_INCLUDE_IN_FRAMEWORK_HEADER = YES;
				CLANG_WARN_RANGE_LOOP_ANALYSIS = YES;
				CLANG_WARN_STRICT_PROTOTYPES = YES;
				CLANG_WARN_SUSPICIOUS_MOVE = YES;
				CLANG_WARN_UNGUARDED_AVAILABILITY = YES_AGGRESSIVE;
				CLANG_WARN_UNREACHABLE_CODE = YES;
				CLANG_WARN__DUPLICATE_METHOD_MATCH = YES;
				COPY_PHASE_STRIP = NO;
				DEBUG_INFORMATION_FORMAT = dwarf;
				ENABLE_STRICT_OBJC_MSGSEND = YES;
				ENABLE_TESTABILITY = YES;
				ENABLE_USER_SCRIPT_SANDBOXING = YES;
				GCC_C_LANGUAGE_STANDARD = gnu17;
				GCC_DYNAMIC_NO_PIC = NO;
				GCC_NO_COMMON_BLOCKS = YES;
				GCC_OPTIMIZATION_LEVEL = 0;
				GCC_PREPROCESSOR_DEFINITIONS = (
					"DEBUG=1",
					"$(inherited)",
				);
				GCC_WARN_64_TO_32_BIT_CONVERSION = YES;
				GCC_WARN_ABOUT_RETURN_TYPE = YES_ERROR;
				GCC_WARN_UNDECLARED_SELECTOR = YES;
				GCC_WARN_UNINITIALIZED_AUTOS = YES_AGGRESSIVE;
				GCC_WARN_UNUSED_FUNCTION = YES;
				GCC_WARN_UNUSED_VARIABLE = YES;
				IPHONEOS_DEPLOYMENT_TARGET = 17.4;
				LOCALIZATION_PREFERS_STRING_CATALOGS = YES;
				MTL_ENABLE_DEBUG_INFO = INCLUDE_SOURCE;
				MTL_FAST_MATH = YES;
				ONLY_ACTIVE_ARCH = YES;
				SDKROOT = iphoneos;
				SWIFT_ACTIVE_COMPILATION_CONDITIONS = "DEBUG $(inherited)";
				SWIFT_OPTIMIZATION_LEVEL = "-Onone";
			};
			name = Debug;
		};
		356F2B2F2C135529009C51CF /* Release */ = {
			isa = XCBuildConfiguration;
			buildSettings = {
				ALWAYS_SEARCH_USER_PATHS = NO;
				ASSETCATALOG_COMPILER_GENERATE_SWIFT_ASSET_SYMBOL_EXTENSIONS = YES;
				CLANG_ANALYZER_NONNULL = YES;
				CLANG_ANALYZER_NUMBER_OBJECT_CONVERSION = YES_AGGRESSIVE;
				CLANG_CXX_LANGUAGE_STANDARD = "gnu++20";
				CLANG_ENABLE_MODULES = YES;
				CLANG_ENABLE_OBJC_ARC = YES;
				CLANG_ENABLE_OBJC_WEAK = YES;
				CLANG_WARN_BLOCK_CAPTURE_AUTORELEASING = YES;
				CLANG_WARN_BOOL_CONVERSION = YES;
				CLANG_WARN_COMMA = YES;
				CLANG_WARN_CONSTANT_CONVERSION = YES;
				CLANG_WARN_DEPRECATED_OBJC_IMPLEMENTATIONS = YES;
				CLANG_WARN_DIRECT_OBJC_ISA_USAGE = YES_ERROR;
				CLANG_WARN_DOCUMENTATION_COMMENTS = YES;
				CLANG_WARN_EMPTY_BODY = YES;
				CLANG_WARN_ENUM_CONVERSION = YES;
				CLANG_WARN_INFINITE_RECURSION = YES;
				CLANG_WARN_INT_CONVERSION = YES;
				CLANG_WARN_NON_LITERAL_NULL_CONVERSION = YES;
				CLANG_WARN_OBJC_IMPLICIT_RETAIN_SELF = YES;
				CLANG_WARN_OBJC_LITERAL_CONVERSION = YES;
				CLANG_WARN_OBJC_ROOT_CLASS = YES_ERROR;
				CLANG_WARN_QUOTED_INCLUDE_IN_FRAMEWORK_HEADER = YES;
				CLANG_WARN_RANGE_LOOP_ANALYSIS = YES;
				CLANG_WARN_STRICT_PROTOTYPES = YES;
				CLANG_WARN_SUSPICIOUS_MOVE = YES;
				CLANG_WARN_UNGUARDED_AVAILABILITY = YES_AGGRESSIVE;
				CLANG_WARN_UNREACHABLE_CODE = YES;
				CLANG_WARN__DUPLICATE_METHOD_MATCH = YES;
				COPY_PHASE_STRIP = NO;
				DEBUG_INFORMATION_FORMAT = "dwarf-with-dsym";
				ENABLE_NS_ASSERTIONS = NO;
				ENABLE_STRICT_OBJC_MSGSEND = YES;
				ENABLE_USER_SCRIPT_SANDBOXING = YES;
				GCC_C_LANGUAGE_STANDARD = gnu17;
				GCC_NO_COMMON_BLOCKS = YES;
				GCC_WARN_64_TO_32_BIT_CONVERSION = YES;
				GCC_WARN_ABOUT_RETURN_TYPE = YES_ERROR;
				GCC_WARN_UNDECLARED_SELECTOR = YES;
				GCC_WARN_UNINITIALIZED_AUTOS = YES_AGGRESSIVE;
				GCC_WARN_UNUSED_FUNCTION = YES;
				GCC_WARN_UNUSED_VARIABLE = YES;
				IPHONEOS_DEPLOYMENT_TARGET = 17.4;
				LOCALIZATION_PREFERS_STRING_CATALOGS = YES;
				MTL_ENABLE_DEBUG_INFO = NO;
				MTL_FAST_MATH = YES;
				SDKROOT = iphoneos;
				SWIFT_COMPILATION_MODE = wholemodule;
				VALIDATE_PRODUCT = YES;
			};
			name = Release;
		};
		356F2B312C135529009C51CF /* Debug */ = {
			isa = XCBuildConfiguration;
			buildSettings = {
				ASSETCATALOG_COMPILER_APPICON_NAME = AppIcon;
				ASSETCATALOG_COMPILER_GLOBAL_ACCENT_COLOR_NAME = AccentColor;
				CODE_SIGN_STYLE = Automatic;
				CURRENT_PROJECT_VERSION = 1;
				DEVELOPMENT_TEAM = F3724U2GB3;
				GENERATE_INFOPLIST_FILE = YES;
				INFOPLIST_FILE = TamagotchiApp/Info.plist;
				INFOPLIST_KEY_UIApplicationSupportsIndirectInputEvents = YES;
				INFOPLIST_KEY_UILaunchStoryboardName = LaunchScreen;
				INFOPLIST_KEY_UISupportedInterfaceOrientations = UIInterfaceOrientationPortrait;
				INFOPLIST_KEY_UISupportedInterfaceOrientations_iPad = UIInterfaceOrientationPortrait;
				IPHONEOS_DEPLOYMENT_TARGET = 15.0;
				LD_RUNPATH_SEARCH_PATHS = (
					"$(inherited)",
					"@executable_path/Frameworks",
				);
				MARKETING_VERSION = 1.0;
				PRODUCT_BUNDLE_IDENTIFIER = joy.TamagotchiApp;
				PRODUCT_NAME = "$(TARGET_NAME)";
				SUPPORTED_PLATFORMS = "iphoneos iphonesimulator";
				SUPPORTS_MACCATALYST = NO;
				SUPPORTS_MAC_DESIGNED_FOR_IPHONE_IPAD = NO;
				SUPPORTS_XR_DESIGNED_FOR_IPHONE_IPAD = NO;
				SWIFT_EMIT_LOC_STRINGS = YES;
				SWIFT_VERSION = 5.0;
				TARGETED_DEVICE_FAMILY = 1;
			};
			name = Debug;
		};
		356F2B322C135529009C51CF /* Release */ = {
			isa = XCBuildConfiguration;
			buildSettings = {
				ASSETCATALOG_COMPILER_APPICON_NAME = AppIcon;
				ASSETCATALOG_COMPILER_GLOBAL_ACCENT_COLOR_NAME = AccentColor;
				CODE_SIGN_STYLE = Automatic;
				CURRENT_PROJECT_VERSION = 1;
				DEVELOPMENT_TEAM = F3724U2GB3;
				GENERATE_INFOPLIST_FILE = YES;
				INFOPLIST_FILE = TamagotchiApp/Info.plist;
				INFOPLIST_KEY_UIApplicationSupportsIndirectInputEvents = YES;
				INFOPLIST_KEY_UILaunchStoryboardName = LaunchScreen;
				INFOPLIST_KEY_UISupportedInterfaceOrientations = UIInterfaceOrientationPortrait;
				INFOPLIST_KEY_UISupportedInterfaceOrientations_iPad = UIInterfaceOrientationPortrait;
				IPHONEOS_DEPLOYMENT_TARGET = 15.0;
				LD_RUNPATH_SEARCH_PATHS = (
					"$(inherited)",
					"@executable_path/Frameworks",
				);
				MARKETING_VERSION = 1.0;
				PRODUCT_BUNDLE_IDENTIFIER = joy.TamagotchiApp;
				PRODUCT_NAME = "$(TARGET_NAME)";
				SUPPORTED_PLATFORMS = "iphoneos iphonesimulator";
				SUPPORTS_MACCATALYST = NO;
				SUPPORTS_MAC_DESIGNED_FOR_IPHONE_IPAD = NO;
				SUPPORTS_XR_DESIGNED_FOR_IPHONE_IPAD = NO;
				SWIFT_EMIT_LOC_STRINGS = YES;
				SWIFT_VERSION = 5.0;
				TARGETED_DEVICE_FAMILY = 1;
			};
			name = Release;
		};
/* End XCBuildConfiguration section */

/* Begin XCConfigurationList section */
		356F2B172C135528009C51CF /* Build configuration list for PBXProject "TamagotchiApp" */ = {
			isa = XCConfigurationList;
			buildConfigurations = (
				356F2B2E2C135529009C51CF /* Debug */,
				356F2B2F2C135529009C51CF /* Release */,
			);
			defaultConfigurationIsVisible = 0;
			defaultConfigurationName = Release;
		};
		356F2B302C135529009C51CF /* Build configuration list for PBXNativeTarget "TamagotchiApp" */ = {
			isa = XCConfigurationList;
			buildConfigurations = (
				356F2B312C135529009C51CF /* Debug */,
				356F2B322C135529009C51CF /* Release */,
			);
			defaultConfigurationIsVisible = 0;
			defaultConfigurationName = Release;
		};
/* End XCConfigurationList section */

/* Begin XCRemoteSwiftPackageReference section */
		35A6C2862C159DDE00631B47 /* XCRemoteSwiftPackageReference "SnapKit" */ = {
			isa = XCRemoteSwiftPackageReference;
			repositoryURL = "https://github.com/SnapKit/SnapKit.git";
			requirement = {
				kind = upToNextMajorVersion;
				minimumVersion = 5.7.1;
			};
		};
/* End XCRemoteSwiftPackageReference section */

/* Begin XCSwiftPackageProductDependency section */
		35A6C2872C159DDE00631B47 /* SnapKit */ = {
			isa = XCSwiftPackageProductDependency;
			package = 35A6C2862C159DDE00631B47 /* XCRemoteSwiftPackageReference "SnapKit" */;
			productName = SnapKit;
		};
/* End XCSwiftPackageProductDependency section */
	};
	rootObject = 356F2B142C135528009C51CF /* Project object */;
}
